
Microsoft Visual Studio Solution File, Format Version 12.00
# Visual Studio 15
VisualStudioVersion = 15.0.27004.2009
MinimumVisualStudioVersion = 10.0.40219.1
Project("{FAE04EC0-301F-11D3-BF4B-00C04F79EFBC}") = "LamdaExpressionDemo", "LamdaExpressionDemo\LamdaExpressionDemo.csproj", "{A6217369-4AE0-4EC8-91A1-F919A7628124}"
EndProject
Global
	GlobalSection(SolutionConfigurationPlatforms) = preSolution
		Debug|Any CPU = Debug|Any CPU
		Release|Any CPU = Release|Any CPU
	EndGlobalSection
	GlobalSection(ProjectConfigurationPlatforms) = postSolution
		{A6217369-4AE0-4EC8-91A1-F919A7628124}.Debug|Any CPU.ActiveCfg = Debug|Any CPU
		{A6217369-4AE0-4EC8-91A1-F919A7628124}.Debug|Any CPU.Build.0 = Debug|Any CPU
		{A6217369-4AE0-4EC8-91A1-F919A7628124}.Release|Any CPU.ActiveCfg = Release|Any CPU
		{A6217369-4AE0-4EC8-91A1-F919A7628124}.Release|Any CPU.Build.0 = Release|Any CPU
	EndGlobalSection
	GlobalSection(SolutionProperties) = preSolution
		HideSolutionNode = FALSE
	EndGlobalSection
	GlobalSection(ExtensibilityGlobals) = postSolution
		SolutionGuid = {8AA33C69-4128-4C6D-AD2C-554F9B3C7493}
	EndGlobalSection
EndGlobal
