
Microsoft Visual Studio Solution File, Format Version 12.00
# Visual Studio 15
VisualStudioVersion = 15.0.27004.2009
MinimumVisualStudioVersion = 10.0.40219.1
Project("{FAE04EC0-301F-11D3-BF4B-00C04F79EFBC}") = "LinqDemo1", "LinqDemo1\LinqDemo1.csproj", "{9F406077-245F-4EF6-9F59-EF3DC1ED1D1B}"
EndProject
Global
	GlobalSection(SolutionConfigurationPlatforms) = preSolution
		Debug|Any CPU = Debug|Any CPU
		Release|Any CPU = Release|Any CPU
	EndGlobalSection
	GlobalSection(ProjectConfigurationPlatforms) = postSolution
		{9F406077-245F-4EF6-9F59-EF3DC1ED1D1B}.Debug|Any CPU.ActiveCfg = Debug|Any CPU
		{9F406077-245F-4EF6-9F59-EF3DC1ED1D1B}.Debug|Any CPU.Build.0 = Debug|Any CPU
		{9F406077-245F-4EF6-9F59-EF3DC1ED1D1B}.Release|Any CPU.ActiveCfg = Release|Any CPU
		{9F406077-245F-4EF6-9F59-EF3DC1ED1D1B}.Release|Any CPU.Build.0 = Release|Any CPU
	EndGlobalSection
	GlobalSection(SolutionProperties) = preSolution
		HideSolutionNode = FALSE
	EndGlobalSection
	GlobalSection(ExtensibilityGlobals) = postSolution
		SolutionGuid = {706B9589-48E7-45FB-85A7-5E309B3B678E}
	EndGlobalSection
EndGlobal
